
Microsoft Visual Studio Solution File, Format Version 12.00
# Visual Studio Version 16
VisualStudioVersion = 16.0.30413.136
MinimumVisualStudioVersion = 10.0.40219.1
Project("{FAE04EC0-301F-11D3-BF4B-00C04F79EFBC}") = "I - Hjælp til Lone", "I - Hjælp til Lone\I - Hjælp til Lone.csproj", "{F6110DD5-FEBA-454D-84B7-C372785C3E14}"
EndProject
Global
	GlobalSection(SolutionConfigurationPlatforms) = preSolution
		Debug|Any CPU = Debug|Any CPU
		Release|Any CPU = Release|Any CPU
	EndGlobalSection
	GlobalSection(ProjectConfigurationPlatforms) = postSolution
		{F6110DD5-FEBA-454D-84B7-C372785C3E14}.Debug|Any CPU.ActiveCfg = Debug|Any CPU
		{F6110DD5-FEBA-454D-84B7-C372785C3E14}.Debug|Any CPU.Build.0 = Debug|Any CPU
		{F6110DD5-FEBA-454D-84B7-C372785C3E14}.Release|Any CPU.ActiveCfg = Release|Any CPU
		{F6110DD5-FEBA-454D-84B7-C372785C3E14}.Release|Any CPU.Build.0 = Release|Any CPU
	EndGlobalSection
	GlobalSection(SolutionProperties) = preSolution
		HideSolutionNode = FALSE
	EndGlobalSection
	GlobalSection(ExtensibilityGlobals) = postSolution
		SolutionGuid = {F580FEF2-A71D-4F51-9083-218F19495725}
	EndGlobalSection
EndGlobal
